// !$*UTF8*$!
{
	archiveVersion = 1;
	classes = {
	};
	objectVersion = 55;
	objects = {

/* Begin PBXBuildFile section */
		197ABFFC28211C95008B9E13 /* AppDelegate.swift in Sources */ = {isa = PBXBuildFile; fileRef = 197ABFFB28211C95008B9E13 /* AppDelegate.swift */; };
		197ABFFE28211C95008B9E13 /* SceneDelegate.swift in Sources */ = {isa = PBXBuildFile; fileRef = 197ABFFD28211C95008B9E13 /* SceneDelegate.swift */; };
		197AC00028211C95008B9E13 /* ViewController.swift in Sources */ = {isa = PBXBuildFile; fileRef = 197ABFFF28211C95008B9E13 /* ViewController.swift */; };
		197AC00328211C95008B9E13 /* Main.storyboard in Resources */ = {isa = PBXBuildFile; fileRef = 197AC00128211C95008B9E13 /* Main.storyboard */; };
		197AC00528211C97008B9E13 /* Assets.xcassets in Resources */ = {isa = PBXBuildFile; fileRef = 197AC00428211C97008B9E13 /* Assets.xcassets */; };
		197AC00828211C97008B9E13 /* LaunchScreen.storyboard in Resources */ = {isa = PBXBuildFile; fileRef = 197AC00628211C97008B9E13 /* LaunchScreen.storyboard */; };
		243995BCC47EEB84E63A0C93 /* Pods_AWS_Project.framework in Frameworks */ = {isa = PBXBuildFile; fileRef = B87919B7E4B2D4353B1C8221 /* Pods_AWS_Project.framework */; };
/* End PBXBuildFile section */

/* Begin PBXFileReference section */
		197ABFF828211C95008B9E13 /* AWS Project.app */ = {isa = PBXFileReference; explicitFileType = wrapper.application; includeInIndex = 0; path = "AWS Project.app"; sourceTree = BUILT_PRODUCTS_DIR; };
		197ABFFB28211C95008B9E13 /* AppDelegate.swift */ = {isa = PBXFileReference; lastKnownFileType = sourcecode.swift; path = AppDelegate.swift; sourceTree = "<group>"; };
		197ABFFD28211C95008B9E13 /* SceneDelegate.swift */ = {isa = PBXFileReference; lastKnownFileType = sourcecode.swift; path = SceneDelegate.swift; sourceTree = "<group>"; };
		197ABFFF28211C95008B9E13 /* ViewController.swift */ = {isa = PBXFileReference; lastKnownFileType = sourcecode.swift; path = ViewController.swift; sourceTree = "<group>"; };
		197AC00228211C95008B9E13 /* Base */ = {isa = PBXFileReference; lastKnownFileType = file.storyboard; name = Base; path = Base.lproj/Main.storyboard; sourceTree = "<group>"; };
		197AC00428211C97008B9E13 /* Assets.xcassets */ = {isa = PBXFileReference; lastKnownFileType = folder.assetcatalog; path = Assets.xcassets; sourceTree = "<group>"; };
		197AC00728211C97008B9E13 /* Base */ = {isa = PBXFileReference; lastKnownFileType = file.storyboard; name = Base; path = Base.lproj/LaunchScreen.storyboard; sourceTree = "<group>"; };
		197AC00928211C97008B9E13 /* Info.plist */ = {isa = PBXFileReference; lastKnownFileType = text.plist.xml; path = Info.plist; sourceTree = "<group>"; };
		B3DEB882E9B5CEA090C9824D /* Pods-AWS Project.release.xcconfig */ = {isa = PBXFileReference; includeInIndex = 1; lastKnownFileType = text.xcconfig; name = "Pods-AWS Project.release.xcconfig"; path = "Target Support Files/Pods-AWS Project/Pods-AWS Project.release.xcconfig"; sourceTree = "<group>"; };
		B87919B7E4B2D4353B1C8221 /* Pods_AWS_Project.framework */ = {isa = PBXFileReference; explicitFileType = wrapper.framework; includeInIndex = 0; path = Pods_AWS_Project.framework; sourceTree = BUILT_PRODUCTS_DIR; };
		FBC8D32541AC3085C2ED0A08 /* Pods-AWS Project.debug.xcconfig */ = {isa = PBXFileReference; includeInIndex = 1; lastKnownFileType = text.xcconfig; name = "Pods-AWS Project.debug.xcconfig"; path = "Target Support Files/Pods-AWS Project/Pods-AWS Project.debug.xcconfig"; sourceTree = "<group>"; };
/* End PBXFileReference section */

/* Begin PBXFrameworksBuildPhase section */
		197ABFF528211C95008B9E13 /* Frameworks */ = {
			isa = PBXFrameworksBuildPhase;
			buildActionMask = 2147483647;
			files = (
				243995BCC47EEB84E63A0C93 /* Pods_AWS_Project.framework in Frameworks */,
			);
			runOnlyForDeploymentPostprocessing = 0;
		};
/* End PBXFrameworksBuildPhase section */

/* Begin PBXGroup section */
		197ABFEF28211C95008B9E13 = {
			isa = PBXGroup;
			children = (
				197ABFFA28211C95008B9E13 /* AWS Project */,
				197ABFF928211C95008B9E13 /* Products */,
				68FB8AB55CEB799F2492F456 /* Pods */,
				7EFA91C206EF346B11C1FC33 /* Frameworks */,
			);
			sourceTree = "<group>";
		};
		197ABFF928211C95008B9E13 /* Products */ = {
			isa = PBXGroup;
			children = (
				197ABFF828211C95008B9E13 /* AWS Project.app */,
			);
			name = Products;
			sourceTree = "<group>";
		};
		197ABFFA28211C95008B9E13 /* AWS Project */ = {
			isa = PBXGroup;
			children = (
				197ABFFB28211C95008B9E13 /* AppDelegate.swift */,
				197ABFFD28211C95008B9E13 /* SceneDelegate.swift */,
				197ABFFF28211C95008B9E13 /* ViewController.swift */,
				197AC00128211C95008B9E13 /* Main.storyboard */,
				197AC00428211C97008B9E13 /* Assets.xcassets */,
				197AC00628211C97008B9E13 /* LaunchScreen.storyboard */,
				197AC00928211C97008B9E13 /* Info.plist */,
			);
			path = "AWS Project";
			sourceTree = "<group>";
		};
		68FB8AB55CEB799F2492F456 /* Pods */ = {
			isa = PBXGroup;
			children = (
				FBC8D32541AC3085C2ED0A08 /* Pods-AWS Project.debug.xcconfig */,
				B3DEB882E9B5CEA090C9824D /* Pods-AWS Project.release.xcconfig */,
			);
			name = Pods;
			path = Pods;
			sourceTree = "<group>";
		};
		7EFA91C206EF346B11C1FC33 /* Frameworks */ = {
			isa = PBXGroup;
			children = (
				B87919B7E4B2D4353B1C8221 /* Pods_AWS_Project.framework */,
			);
			name = Frameworks;
			sourceTree = "<group>";
		};
/* End PBXGroup section */

/* Begin PBXNativeTarget section */
		197ABFF728211C95008B9E13 /* AWS Project */ = {
			isa = PBXNativeTarget;
			buildConfigurationList = 197AC00C28211C97008B9E13 /* Build configuration list for PBXNativeTarget "AWS Project" */;
			buildPhases = (
				8C33DC40F9E9DA2342327B10 /* [CP] Check Pods Manifest.lock */,
				197ABFF428211C95008B9E13 /* Sources */,
				197ABFF528211C95008B9E13 /* Frameworks */,
				197ABFF628211C95008B9E13 /* Resources */,
				81B42CA8512AC78E267DB494 /* [CP] Embed Pods Frameworks */,
			);
			buildRules = (
			);
			dependencies = (
			);
			name = "AWS Project";
			productName = "AWS Project";
			productReference = 197ABFF828211C95008B9E13 /* AWS Project.app */;
			productType = "com.apple.product-type.application";
		};
/* End PBXNativeTarget section */

/* Begin PBXProject section */
		197ABFF028211C95008B9E13 /* Project object */ = {
			isa = PBXProject;
			attributes = {
				BuildIndependentTargetsInParallel = 1;
				LastSwiftUpdateCheck = 1330;
				LastUpgradeCheck = 1330;
				TargetAttributes = {
					197ABFF728211C95008B9E13 = {
						CreatedOnToolsVersion = 13.3;
					};
				};
			};
			buildConfigurationList = 197ABFF328211C95008B9E13 /* Build configuration list for PBXProject "AWS Project" */;
			compatibilityVersion = "Xcode 13.0";
			developmentRegion = en;
			hasScannedForEncodings = 0;
			knownRegions = (
				en,
				Base,
			);
			mainGroup = 197ABFEF28211C95008B9E13;
			productRefGroup = 197ABFF928211C95008B9E13 /* Products */;
			projectDirPath = "";
			projectRoot = "";
			targets = (
				197ABFF728211C95008B9E13 /* AWS Project */,
			);
		};
/* End PBXProject section */

/* Begin PBXResourcesBuildPhase section */
		197ABFF628211C95008B9E13 /* Resources */ = {
			isa = PBXResourcesBuildPhase;
			buildActionMask = 2147483647;
			files = (
				197AC00828211C97008B9E13 /* LaunchScreen.storyboard in Resources */,
				197AC00528211C97008B9E13 /* Assets.xcassets in Resources */,
				197AC00328211C95008B9E13 /* Main.storyboard in Resources */,
			);
			runOnlyForDeploymentPostprocessing = 0;
		};
/* End PBXResourcesBuildPhase section */

/* Begin PBXShellScriptBuildPhase section */
		81B42CA8512AC78E267DB494 /* [CP] Embed Pods Frameworks */ = {
			isa = PBXShellScriptBuildPhase;
			buildActionMask = 2147483647;
			files = (
			);
			inputFileListPaths = (
				"${PODS_ROOT}/Target Support Files/Pods-AWS Project/Pods-AWS Project-frameworks-${CONFIGURATION}-input-files.xcfilelist",
			);
			name = "[CP] Embed Pods Frameworks";
			outputFileListPaths = (
				"${PODS_ROOT}/Target Support Files/Pods-AWS Project/Pods-AWS Project-frameworks-${CONFIGURATION}-output-files.xcfilelist",
			);
			runOnlyForDeploymentPostprocessing = 0;
			shellPath = /bin/sh;
			shellScript = "\"${PODS_ROOT}/Target Support Files/Pods-AWS Project/Pods-AWS Project-frameworks.sh\"\n";
			showEnvVarsInLog = 0;
		};
		8C33DC40F9E9DA2342327B10 /* [CP] Check Pods Manifest.lock */ = {
			isa = PBXShellScriptBuildPhase;
			buildActionMask = 2147483647;
			files = (
			);
			inputFileListPaths = (
			);
			inputPaths = (
				"${PODS_PODFILE_DIR_PATH}/Podfile.lock",
				"${PODS_ROOT}/Manifest.lock",
			);
			name = "[CP] Check Pods Manifest.lock";
			outputFileListPaths = (
			);
			outputPaths = (
				"$(DERIVED_FILE_DIR)/Pods-AWS Project-checkManifestLockResult.txt",
			);
			runOnlyForDeploymentPostprocessing = 0;
			shellPath = /bin/sh;
			shellScript = "diff \"${PODS_PODFILE_DIR_PATH}/Podfile.lock\" \"${PODS_ROOT}/Manifest.lock\" > /dev/null\nif [ $? != 0 ] ; then\n    # print error to STDERR\n    echo \"error: The sandbox is not in sync with the Podfile.lock. Run 'pod install' or update your CocoaPods installation.\" >&2\n    exit 1\nfi\n# This output is used by Xcode 'outputs' to avoid re-running this script phase.\necho \"SUCCESS\" > \"${SCRIPT_OUTPUT_FILE_0}\"\n";
			showEnvVarsInLog = 0;
		};
/* End PBXShellScriptBuildPhase section */

/* Begin PBXSourcesBuildPhase section */
		197ABFF428211C95008B9E13 /* Sources */ = {
			isa = PBXSourcesBuildPhase;
			buildActionMask = 2147483647;
			files = (
				197AC00028211C95008B9E13 /* ViewController.swift in Sources */,
				197ABFFC28211C95008B9E13 /* AppDelegate.swift in Sources */,
				197ABFFE28211C95008B9E13 /* SceneDelegate.swift in Sources */,
			);
			runOnlyForDeploymentPostprocessing = 0;
		};
/* End PBXSourcesBuildPhase section */

/* Begin PBXVariantGroup section */
		197AC00128211C95008B9E13 /* Main.storyboard */ = {
			isa = PBXVariantGroup;
			children = (
				197AC00228211C95008B9E13 /* Base */,
			);
			name = Main.storyboard;
			sourceTree = "<group>";
		};
		197AC00628211C97008B9E13 /* LaunchScreen.storyboard */ = {
			isa = PBXVariantGroup;
			children = (
				197AC00728211C97008B9E13 /* Base */,
			);
			name = LaunchScreen.storyboard;
			sourceTree = "<group>";
		};
/* End PBXVariantGroup section */

/* Begin XCBuildConfiguration section */
		197AC00A28211C97008B9E13 /* Debug */ = {
			isa = XCBuildConfiguration;
			buildSettings = {
				ALWAYS_SEARCH_USER_PATHS = NO;
				CLANG_ANALYZER_NONNULL = YES;
				CLANG_ANALYZER_NUMBER_OBJECT_CONVERSION = YES_AGGRESSIVE;
				CLANG_CXX_LANGUAGE_STANDARD = "gnu++17";
				CLANG_ENABLE_MODULES = YES;
				CLANG_ENABLE_OBJC_ARC = YES;
				CLANG_ENABLE_OBJC_WEAK = YES;
				CLANG_WARN_BLOCK_CAPTURE_AUTORELEASING = YES;
				CLANG_WARN_BOOL_CONVERSION = YES;
				CLANG_WARN_COMMA = YES;
				CLANG_WARN_CONSTANT_CONVERSION = YES;
				CLANG_WARN_DEPRECATED_OBJC_IMPLEMENTATIONS = YES;
				CLANG_WARN_DIRECT_OBJC_ISA_USAGE = YES_ERROR;
				CLANG_WARN_DOCUMENTATION_COMMENTS = YES;
				CLANG_WARN_EMPTY_BODY = YES;
				CLANG_WARN_ENUM_CONVERSION = YES;
				CLANG_WARN_INFINITE_RECURSION = YES;
				CLANG_WARN_INT_CONVERSION = YES;
				CLANG_WARN_NON_LITERAL_NULL_CONVERSION = YES;
				CLANG_WARN_OBJC_IMPLICIT_RETAIN_SELF = YES;
				CLANG_WARN_OBJC_LITERAL_CONVERSION = YES;
				CLANG_WARN_OBJC_ROOT_CLASS = YES_ERROR;
				CLANG_WARN_QUOTED_INCLUDE_IN_FRAMEWORK_HEADER = YES;
				CLANG_WARN_RANGE_LOOP_ANALYSIS = YES;
				CLANG_WARN_STRICT_PROTOTYPES = YES;
				CLANG_WARN_SUSPICIOUS_MOVE = YES;
				CLANG_WARN_UNGUARDED_AVAILABILITY = YES_AGGRESSIVE;
				CLANG_WARN_UNREACHABLE_CODE = YES;
				CLANG_WARN__DUPLICATE_METHOD_MATCH = YES;
				COPY_PHASE_STRIP = NO;
				DEBUG_INFORMATION_FORMAT = dwarf;
				ENABLE_STRICT_OBJC_MSGSEND = YES;
				ENABLE_TESTABILITY = YES;
				GCC_C_LANGUAGE_STANDARD = gnu11;
				GCC_DYNAMIC_NO_PIC = NO;
				GCC_NO_COMMON_BLOCKS = YES;
				GCC_OPTIMIZATION_LEVEL = 0;
				GCC_PREPROCESSOR_DEFINITIONS = (
					"DEBUG=1",
					"$(inherited)",
				);
				GCC_WARN_64_TO_32_BIT_CONVERSION = YES;
				GCC_WARN_ABOUT_RETURN_TYPE = YES_ERROR;
				GCC_WARN_UNDECLARED_SELECTOR = YES;
				GCC_WARN_UNINITIALIZED_AUTOS = YES_AGGRESSIVE;
				GCC_WARN_UNUSED_FUNCTION = YES;
				GCC_WARN_UNUSED_VARIABLE = YES;
				IPHONEOS_DEPLOYMENT_TARGET = 15.4;
				MTL_ENABLE_DEBUG_INFO = INCLUDE_SOURCE;
				MTL_FAST_MATH = YES;
				ONLY_ACTIVE_ARCH = YES;
				SDKROOT = iphoneos;
				SWIFT_ACTIVE_COMPILATION_CONDITIONS = DEBUG;
				SWIFT_OPTIMIZATION_LEVEL = "-Onone";
			};
			name = Debug;
		};
		197AC00B28211C97008B9E13 /* Release */ = {
			isa = XCBuildConfiguration;
			buildSettings = {
				ALWAYS_SEARCH_USER_PATHS = NO;
				CLANG_ANALYZER_NONNULL = YES;
				CLANG_ANALYZER_NUMBER_OBJECT_CONVERSION = YES_AGGRESSIVE;
				CLANG_CXX_LANGUAGE_STANDARD = "gnu++17";
				CLANG_ENABLE_MODULES = YES;
				CLANG_ENABLE_OBJC_ARC = YES;
				CLANG_ENABLE_OBJC_WEAK = YES;
				CLANG_WARN_BLOCK_CAPTURE_AUTORELEASING = YES;
				CLANG_WARN_BOOL_CONVERSION = YES;
				CLANG_WARN_COMMA = YES;
				CLANG_WARN_CONSTANT_CONVERSION = YES;
				CLANG_WARN_DEPRECATED_OBJC_IMPLEMENTATIONS = YES;
				CLANG_WARN_DIRECT_OBJC_ISA_USAGE = YES_ERROR;
				CLANG_WARN_DOCUMENTATION_COMMENTS = YES;
				CLANG_WARN_EMPTY_BODY = YES;
				CLANG_WARN_ENUM_CONVERSION = YES;
				CLANG_WARN_INFINITE_RECURSION = YES;
				CLANG_WARN_INT_CONVERSION = YES;
				CLANG_WARN_NON_LITERAL_NULL_CONVERSION = YES;
				CLANG_WARN_OBJC_IMPLICIT_RETAIN_SELF = YES;
				CLANG_WARN_OBJC_LITERAL_CONVERSION = YES;
				CLANG_WARN_OBJC_ROOT_CLASS = YES_ERROR;
				CLANG_WARN_QUOTED_INCLUDE_IN_FRAMEWORK_HEADER = YES;
				CLANG_WARN_RANGE_LOOP_ANALYSIS = YES;
				CLANG_WARN_STRICT_PROTOTYPES = YES;
				CLANG_WARN_SUSPICIOUS_MOVE = YES;
				CLANG_WARN_UNGUARDED_AVAILABILITY = YES_AGGRESSIVE;
				CLANG_WARN_UNREACHABLE_CODE = YES;
				CLANG_WARN__DUPLICATE_METHOD_MATCH = YES;
				COPY_PHASE_STRIP = NO;
				DEBUG_INFORMATION_FORMAT = "dwarf-with-dsym";
				ENABLE_NS_ASSERTIONS = NO;
				ENABLE_STRICT_OBJC_MSGSEND = YES;
				GCC_C_LANGUAGE_STANDARD = gnu11;
				GCC_NO_COMMON_BLOCKS = YES;
				GCC_WARN_64_TO_32_BIT_CONVERSION = YES;
				GCC_WARN_ABOUT_RETURN_TYPE = YES_ERROR;
				GCC_WARN_UNDECLARED_SELECTOR = YES;
				GCC_WARN_UNINITIALIZED_AUTOS = YES_AGGRESSIVE;
				GCC_WARN_UNUSED_FUNCTION = YES;
				GCC_WARN_UNUSED_VARIABLE = YES;
				IPHONEOS_DEPLOYMENT_TARGET = 15.4;
				MTL_ENABLE_DEBUG_INFO = NO;
				MTL_FAST_MATH = YES;
				SDKROOT = iphoneos;
				SWIFT_COMPILATION_MODE = wholemodule;
				SWIFT_OPTIMIZATION_LEVEL = "-O";
				VALIDATE_PRODUCT = YES;
			};
			name = Release;
		};
		197AC00D28211C97008B9E13 /* Debug */ = {
			isa = XCBuildConfiguration;
			baseConfigurationReference = FBC8D32541AC3085C2ED0A08 /* Pods-AWS Project.debug.xcconfig */;
			buildSettings = {
				ASSETCATALOG_COMPILER_APPICON_NAME = AppIcon;
				ASSETCATALOG_COMPILER_GLOBAL_ACCENT_COLOR_NAME = AccentColor;
				CODE_SIGN_STYLE = Automatic;
				CURRENT_PROJECT_VERSION = 1;
				DEVELOPMENT_TEAM = 392NZUSY8M;
				GENERATE_INFOPLIST_FILE = YES;
				INFOPLIST_FILE = "AWS Project/Info.plist";
				INFOPLIST_KEY_UIApplicationSupportsIndirectInputEvents = YES;
				INFOPLIST_KEY_UILaunchStoryboardName = LaunchScreen;
				INFOPLIST_KEY_UIMainStoryboardFile = Main;
				INFOPLIST_KEY_UISupportedInterfaceOrientations_iPad = "UIInterfaceOrientationPortrait UIInterfaceOrientationPortraitUpsideDown UIInterfaceOrientationLandscapeLeft UIInterfaceOrientationLandscapeRight";
				INFOPLIST_KEY_UISupportedInterfaceOrientations_iPhone = "UIInterfaceOrientationPortrait UIInterfaceOrientationLandscapeLeft UIInterfaceOrientationLandscapeRight";
				LD_RUNPATH_SEARCH_PATHS = (
					"$(inherited)",
					"@executable_path/Frameworks",
				);
				MARKETING_VERSION = 1.0;
				PRODUCT_BUNDLE_IDENTIFIER = "Emin-Emini.AWS-Project";
				PRODUCT_NAME = "$(TARGET_NAME)";
				SWIFT_EMIT_LOC_STRINGS = YES;
				SWIFT_VERSION = 5.0;
				TARGETED_DEVICE_FAMILY = "1,2";
			};
			name = Debug;
		};
		197AC00E28211C97008B9E13 /* Release */ = {
			isa = XCBuildConfiguration;
			baseConfigurationReference = B3DEB882E9B5CEA090C9824D /* Pods-AWS Project.release.xcconfig */;
			buildSettings = {
				ASSETCATALOG_COMPILER_APPICON_NAME = AppIcon;
				ASSETCATALOG_COMPILER_GLOBAL_ACCENT_COLOR_NAME = AccentColor;
				CODE_SIGN_STYLE = Automatic;
				CURRENT_PROJECT_VERSION = 1;
				DEVELOPMENT_TEAM = 392NZUSY8M;
				GENERATE_INFOPLIST_FILE = YES;
				INFOPLIST_FILE = "AWS Project/Info.plist";
				INFOPLIST_KEY_UIApplicationSupportsIndirectInputEvents = YES;
				INFOPLIST_KEY_UILaunchStoryboardName = LaunchScreen;
				INFOPLIST_KEY_UIMainStoryboardFile = Main;
				INFOPLIST_KEY_UISupportedInterfaceOrientations_iPad = "UIInterfaceOrientationPortrait UIInterfaceOrientationPortraitUpsideDown UIInterfaceOrientationLandscapeLeft UIInterfaceOrientationLandscapeRight";
				INFOPLIST_KEY_UISupportedInterfaceOrientations_iPhone = "UIInterfaceOrientationPortrait UIInterfaceOrientationLandscapeLeft UIInterfaceOrientationLandscapeRight";
				LD_RUNPATH_SEARCH_PATHS = (
					"$(inherited)",
					"@executable_path/Frameworks",
				);
				MARKETING_VERSION = 1.0;
				PRODUCT_BUNDLE_IDENTIFIER = "Emin-Emini.AWS-Project";
				PRODUCT_NAME = "$(TARGET_NAME)";
				SWIFT_EMIT_LOC_STRINGS = YES;
				SWIFT_VERSION = 5.0;
				TARGETED_DEVICE_FAMILY = "1,2";
			};
			name = Release;
		};
/* End XCBuildConfiguration section */

/* Begin XCConfigurationList section */
		197ABFF328211C95008B9E13 /* Build configuration list for PBXProject "AWS Project" */ = {
			isa = XCConfigurationList;
			buildConfigurations = (
				197AC00A28211C97008B9E13 /* Debug */,
				197AC00B28211C97008B9E13 /* Release */,
			);
			defaultConfigurationIsVisible = 0;
			defaultConfigurationName = Release;
		};
		197AC00C28211C97008B9E13 /* Build configuration list for PBXNativeTarget "AWS Project" */ = {
			isa = XCConfigurationList;
			buildConfigurations = (
				197AC00D28211C97008B9E13 /* Debug */,
				197AC00E28211C97008B9E13 /* Release */,
			);
			defaultConfigurationIsVisible = 0;
			defaultConfigurationName = Release;
		};
/* End XCConfigurationList section */
	};
	rootObject = 197ABFF028211C95008B9E13 /* Project object */;
}
